
Microsoft Visual Studio Solution File, Format Version 12.00
# Visual Studio Version 16
VisualStudioVersion = 16.0.31409.214
MinimumVisualStudioVersion = 10.0.40219.1
Project("{FAE04EC0-301F-11D3-BF4B-00C04F79EFBC}") = "InterviewManagementPortal", "InterviewManagementPortal.csproj", "{4327606B-837C-40AB-8636-38D15AC392AF}"
EndProject
Global
	GlobalSection(SolutionConfigurationPlatforms) = preSolution
		Debug|Any CPU = Debug|Any CPU
		Release|Any CPU = Release|Any CPU
	EndGlobalSection
	GlobalSection(ProjectConfigurationPlatforms) = postSolution
		{4327606B-837C-40AB-8636-38D15AC392AF}.Debug|Any CPU.ActiveCfg = Debug|Any CPU
		{4327606B-837C-40AB-8636-38D15AC392AF}.Debug|Any CPU.Build.0 = Debug|Any CPU
		{4327606B-837C-40AB-8636-38D15AC392AF}.Release|Any CPU.ActiveCfg = Release|Any CPU
		{4327606B-837C-40AB-8636-38D15AC392AF}.Release|Any CPU.Build.0 = Release|Any CPU
	EndGlobalSection
	GlobalSection(SolutionProperties) = preSolution
		HideSolutionNode = FALSE
	EndGlobalSection
	GlobalSection(ExtensibilityGlobals) = postSolution
		SolutionGuid = {EF8091BB-0989-42F4-8947-AEF931B14254}
	EndGlobalSection
EndGlobal
